// !$*UTF8*$!
{
	archiveVersion = 1;
	classes = {
	};
	objectVersion = 77;
	objects = {

/* Begin PBXBuildFile section */
		5124AAB82D8EF77B000D4DC9 /* RealityKitContent in Frameworks */ = {isa = PBXBuildFile; productRef = 5124AAB72D8EF77B000D4DC9 /* RealityKitContent */; };
/* End PBXBuildFile section */

/* Begin PBXContainerItemProxy section */
		84C906CA2D8E57DE00AA5981 /* PBXContainerItemProxy */ = {
			isa = PBXContainerItemProxy;
			containerPortal = 84C906A22D8E57DB00AA5981 /* Project object */;
			proxyType = 1;
			remoteGlobalIDString = 84C906A92D8E57DB00AA5981;
			remoteInfo = ZeusMethod;
		};
/* End PBXContainerItemProxy section */

/* Begin PBXFileReference section */
		51F4EC1F2D8EF5C900657733 /* Package.realitycomposerpro */ = {isa = PBXFileReference; lastKnownFileType = wrapper; name = Package.realitycomposerpro; path = Packages/RealityKitContent/Package.realitycomposerpro; sourceTree = "<group>"; };
		51F4EC202D8EF5DF00657733 /* RealityKitContent.rkassets */ = {isa = PBXFileReference; lastKnownFileType = folder.rkassets; path = RealityKitContent.rkassets; sourceTree = "<group>"; };
		51F4EC212D8EF5DF00657733 /* RealityKitContent.swift */ = {isa = PBXFileReference; lastKnownFileType = sourcecode.swift; path = RealityKitContent.swift; sourceTree = "<group>"; };
		84C906AA2D8E57DB00AA5981 /* ZeusMethod.app */ = {isa = PBXFileReference; explicitFileType = wrapper.application; includeInIndex = 0; path = ZeusMethod.app; sourceTree = BUILT_PRODUCTS_DIR; };
		84C906AE2D8E57DB00AA5981 /* RealityKitContent */ = {isa = PBXFileReference; lastKnownFileType = wrapper; path = RealityKitContent; sourceTree = "<group>"; };
		84C906C92D8E57DE00AA5981 /* ZeusMethodTests.xctest */ = {isa = PBXFileReference; explicitFileType = wrapper.cfbundle; includeInIndex = 0; path = ZeusMethodTests.xctest; sourceTree = BUILT_PRODUCTS_DIR; };
/* End PBXFileReference section */

/* Begin PBXFileSystemSynchronizedBuildFileExceptionSet section */
		84C906CF2D8E57DE00AA5981 /* Exceptions for "ZeusMethod" folder in "ZeusMethod" target */ = {
			isa = PBXFileSystemSynchronizedBuildFileExceptionSet;
			membershipExceptions = (
				Info.plist,
			);
			target = 84C906A92D8E57DB00AA5981 /* ZeusMethod */;
		};
/* End PBXFileSystemSynchronizedBuildFileExceptionSet section */

/* Begin PBXFileSystemSynchronizedRootGroup section */
		84C906AC2D8E57DB00AA5981 /* ZeusMethod */ = {
			isa = PBXFileSystemSynchronizedRootGroup;
			exceptions = (
				84C906CF2D8E57DE00AA5981 /* Exceptions for "ZeusMethod" folder in "ZeusMethod" target */,
			);
			path = ZeusMethod;
			sourceTree = "<group>";
		};
		84C906CC2D8E57DE00AA5981 /* ZeusMethodTests */ = {
			isa = PBXFileSystemSynchronizedRootGroup;
			path = ZeusMethodTests;
			sourceTree = "<group>";
		};
/* End PBXFileSystemSynchronizedRootGroup section */

/* Begin PBXFrameworksBuildPhase section */
		84C906A72D8E57DB00AA5981 /* Frameworks */ = {
			isa = PBXFrameworksBuildPhase;
			buildActionMask = 2147483647;
			files = (
				5124AAB82D8EF77B000D4DC9 /* RealityKitContent in Frameworks */,
			);
			runOnlyForDeploymentPostprocessing = 0;
		};
		84C906C62D8E57DE00AA5981 /* Frameworks */ = {
			isa = PBXFrameworksBuildPhase;
			buildActionMask = 2147483647;
			files = (
			);
			runOnlyForDeploymentPostprocessing = 0;
		};
/* End PBXFrameworksBuildPhase section */

/* Begin PBXGroup section */
		51F4EC1E2D8EF5B700657733 /* Frameworks */ = {
			isa = PBXGroup;
			children = (
				51F4EC222D8EF5DF00657733 /* RealityKitContent */,
				51F4EC1F2D8EF5C900657733 /* Package.realitycomposerpro */,
			);
			name = Frameworks;
			sourceTree = "<group>";
		};
		51F4EC222D8EF5DF00657733 /* RealityKitContent */ = {
			isa = PBXGroup;
			children = (
				51F4EC202D8EF5DF00657733 /* RealityKitContent.rkassets */,
				51F4EC212D8EF5DF00657733 /* RealityKitContent.swift */,
			);
			name = RealityKitContent;
			path = Packages/RealityKitContent/Sources/RealityKitContent;
			sourceTree = "<group>";
		};
		84C906A12D8E57DB00AA5981 = {
			isa = PBXGroup;
			children = (
				84C906AC2D8E57DB00AA5981 /* ZeusMethod */,
				84C906AD2D8E57DB00AA5981 /* Packages */,
				84C906CC2D8E57DE00AA5981 /* ZeusMethodTests */,
				51F4EC1E2D8EF5B700657733 /* Frameworks */,
				84C906AB2D8E57DB00AA5981 /* Products */,
			);
			sourceTree = "<group>";
		};
		84C906AB2D8E57DB00AA5981 /* Products */ = {
			isa = PBXGroup;
			children = (
				84C906AA2D8E57DB00AA5981 /* ZeusMethod.app */,
				84C906C92D8E57DE00AA5981 /* ZeusMethodTests.xctest */,
			);
			name = Products;
			sourceTree = "<group>";
		};
		84C906AD2D8E57DB00AA5981 /* Packages */ = {
			isa = PBXGroup;
			children = (
				84C906AE2D8E57DB00AA5981 /* RealityKitContent */,
			);
			path = Packages;
			sourceTree = "<group>";
		};
/* End PBXGroup section */

/* Begin PBXNativeTarget section */
		84C906A92D8E57DB00AA5981 /* ZeusMethod */ = {
			isa = PBXNativeTarget;
			buildConfigurationList = 84C906D02D8E57DE00AA5981 /* Build configuration list for PBXNativeTarget "ZeusMethod" */;
			buildPhases = (
				84C906A62D8E57DB00AA5981 /* Sources */,
				84C906A72D8E57DB00AA5981 /* Frameworks */,
				84C906A82D8E57DB00AA5981 /* Resources */,
			);
			buildRules = (
			);
			dependencies = (
			);
			fileSystemSynchronizedGroups = (
				84C906AC2D8E57DB00AA5981 /* ZeusMethod */,
			);
			name = ZeusMethod;
			packageProductDependencies = (
				5124AAB72D8EF77B000D4DC9 /* RealityKitContent */,
			);
			productName = ZeusMethod;
			productReference = 84C906AA2D8E57DB00AA5981 /* ZeusMethod.app */;
			productType = "com.apple.product-type.application";
		};
		84C906C82D8E57DE00AA5981 /* ZeusMethodTests */ = {
			isa = PBXNativeTarget;
			buildConfigurationList = 84C906D52D8E57DE00AA5981 /* Build configuration list for PBXNativeTarget "ZeusMethodTests" */;
			buildPhases = (
				84C906C52D8E57DE00AA5981 /* Sources */,
				84C906C62D8E57DE00AA5981 /* Frameworks */,
				84C906C72D8E57DE00AA5981 /* Resources */,
			);
			buildRules = (
			);
			dependencies = (
				84C906CB2D8E57DE00AA5981 /* PBXTargetDependency */,
			);
			fileSystemSynchronizedGroups = (
				84C906CC2D8E57DE00AA5981 /* ZeusMethodTests */,
			);
			name = ZeusMethodTests;
			packageProductDependencies = (
			);
			productName = ZeusMethodTests;
			productReference = 84C906C92D8E57DE00AA5981 /* ZeusMethodTests.xctest */;
			productType = "com.apple.product-type.bundle.unit-test";
		};
/* End PBXNativeTarget section */

/* Begin PBXProject section */
		84C906A22D8E57DB00AA5981 /* Project object */ = {
			isa = PBXProject;
			attributes = {
				BuildIndependentTargetsInParallel = 1;
				LastSwiftUpdateCheck = 1620;
				LastUpgradeCheck = 1620;
				TargetAttributes = {
					84C906A92D8E57DB00AA5981 = {
						CreatedOnToolsVersion = 16.2;
					};
					84C906C82D8E57DE00AA5981 = {
						CreatedOnToolsVersion = 16.2;
						TestTargetID = 84C906A92D8E57DB00AA5981;
					};
				};
			};
			buildConfigurationList = 84C906A52D8E57DB00AA5981 /* Build configuration list for PBXProject "ZeusMethod" */;
			developmentRegion = en;
			hasScannedForEncodings = 0;
			knownRegions = (
				en,
				Base,
			);
			mainGroup = 84C906A12D8E57DB00AA5981;
			minimizedProjectReferenceProxies = 1;
			preferredProjectObjectVersion = 77;
			productRefGroup = 84C906AB2D8E57DB00AA5981 /* Products */;
			projectDirPath = "";
			projectRoot = "";
			targets = (
				84C906A92D8E57DB00AA5981 /* ZeusMethod */,
				84C906C82D8E57DE00AA5981 /* ZeusMethodTests */,
			);
		};
/* End PBXProject section */

/* Begin PBXResourcesBuildPhase section */
		84C906A82D8E57DB00AA5981 /* Resources */ = {
			isa = PBXResourcesBuildPhase;
			buildActionMask = 2147483647;
			files = (
			);
			runOnlyForDeploymentPostprocessing = 0;
		};
		84C906C72D8E57DE00AA5981 /* Resources */ = {
			isa = PBXResourcesBuildPhase;
			buildActionMask = 2147483647;
			files = (
			);
			runOnlyForDeploymentPostprocessing = 0;
		};
/* End PBXResourcesBuildPhase section */

/* Begin PBXSourcesBuildPhase section */
		84C906A62D8E57DB00AA5981 /* Sources */ = {
			isa = PBXSourcesBuildPhase;
			buildActionMask = 2147483647;
			files = (
			);
			runOnlyForDeploymentPostprocessing = 0;
		};
		84C906C52D8E57DE00AA5981 /* Sources */ = {
			isa = PBXSourcesBuildPhase;
			buildActionMask = 2147483647;
			files = (
			);
			runOnlyForDeploymentPostprocessing = 0;
		};
/* End PBXSourcesBuildPhase section */

/* Begin PBXTargetDependency section */
		84C906CB2D8E57DE00AA5981 /* PBXTargetDependency */ = {
			isa = PBXTargetDependency;
			target = 84C906A92D8E57DB00AA5981 /* ZeusMethod */;
			targetProxy = 84C906CA2D8E57DE00AA5981 /* PBXContainerItemProxy */;
		};
/* End PBXTargetDependency section */

/* Begin XCBuildConfiguration section */
		84C906D12D8E57DE00AA5981 /* Debug */ = {
			isa = XCBuildConfiguration;
			buildSettings = {
				ASSETCATALOG_COMPILER_APPICON_NAME = AppIcon;
				ASSETCATALOG_COMPILER_GLOBAL_ACCENT_COLOR_NAME = AccentColor;
				CODE_SIGN_STYLE = Automatic;
				CURRENT_PROJECT_VERSION = 1;
				DEVELOPMENT_ASSET_PATHS = "\"ZeusMethod/Preview Content\"";
				DEVELOPMENT_TEAM = MYUAB72A7J;
				ENABLE_PREVIEWS = YES;
				GENERATE_INFOPLIST_FILE = YES;
				INFOPLIST_FILE = "$(TARGET_NAME)/Info.plist";
				LD_RUNPATH_SEARCH_PATHS = (
					"$(inherited)",
					"@executable_path/Frameworks",
				);
				MARKETING_VERSION = 1.0;
				PRODUCT_BUNDLE_IDENTIFIER = com.akihirokokubo.ZeusMethod;
				PRODUCT_NAME = "$(TARGET_NAME)";
				SUPPORTED_PLATFORMS = "xros xrsimulator";
				SWIFT_EMIT_LOC_STRINGS = YES;
				SWIFT_VERSION = 5.0;
				TARGETED_DEVICE_FAMILY = 7;
			};
			name = Debug;
		};
		84C906D22D8E57DE00AA5981 /* Release */ = {
			isa = XCBuildConfiguration;
			buildSettings = {
				ASSETCATALOG_COMPILER_APPICON_NAME = AppIcon;
				ASSETCATALOG_COMPILER_GLOBAL_ACCENT_COLOR_NAME = AccentColor;
				CODE_SIGN_STYLE = Automatic;
				CURRENT_PROJECT_VERSION = 1;
				DEVELOPMENT_ASSET_PATHS = "\"ZeusMethod/Preview Content\"";
				DEVELOPMENT_TEAM = MYUAB72A7J;
				ENABLE_PREVIEWS = YES;
				GENERATE_INFOPLIST_FILE = YES;
				INFOPLIST_FILE = "$(TARGET_NAME)/Info.plist";
				LD_RUNPATH_SEARCH_PATHS = (
					"$(inherited)",
					"@executable_path/Frameworks",
				);
				MARKETING_VERSION = 1.0;
				PRODUCT_BUNDLE_IDENTIFIER = com.akihirokokubo.ZeusMethod;
				PRODUCT_NAME = "$(TARGET_NAME)";
				SUPPORTED_PLATFORMS = "xros xrsimulator";
				SWIFT_EMIT_LOC_STRINGS = YES;
				SWIFT_VERSION = 5.0;
				TARGETED_DEVICE_FAMILY = 7;
			};
			name = Release;
		};
		84C906D32D8E57DE00AA5981 /* Debug */ = {
			isa = XCBuildConfiguration;
			buildSettings = {
				ALWAYS_SEARCH_USER_PATHS = NO;
				ASSETCATALOG_COMPILER_GENERATE_SWIFT_ASSET_SYMBOL_EXTENSIONS = YES;
				CLANG_ANALYZER_NONNULL = YES;
				CLANG_ANALYZER_NUMBER_OBJECT_CONVERSION = YES_AGGRESSIVE;
				CLANG_CXX_LANGUAGE_STANDARD = "gnu++20";
				CLANG_ENABLE_MODULES = YES;
				CLANG_ENABLE_OBJC_ARC = YES;
				CLANG_ENABLE_OBJC_WEAK = YES;
				CLANG_WARN_BLOCK_CAPTURE_AUTORELEASING = YES;
				CLANG_WARN_BOOL_CONVERSION = YES;
				CLANG_WARN_COMMA = YES;
				CLANG_WARN_CONSTANT_CONVERSION = YES;
				CLANG_WARN_DEPRECATED_OBJC_IMPLEMENTATIONS = YES;
				CLANG_WARN_DIRECT_OBJC_ISA_USAGE = YES_ERROR;
				CLANG_WARN_DOCUMENTATION_COMMENTS = YES;
				CLANG_WARN_EMPTY_BODY = YES;
				CLANG_WARN_ENUM_CONVERSION = YES;
				CLANG_WARN_INFINITE_RECURSION = YES;
				CLANG_WARN_INT_CONVERSION = YES;
				CLANG_WARN_NON_LITERAL_NULL_CONVERSION = YES;
				CLANG_WARN_OBJC_IMPLICIT_RETAIN_SELF = YES;
				CLANG_WARN_OBJC_LITERAL_CONVERSION = YES;
				CLANG_WARN_OBJC_ROOT_CLASS = YES_ERROR;
				CLANG_WARN_QUOTED_INCLUDE_IN_FRAMEWORK_HEADER = YES;
				CLANG_WARN_RANGE_LOOP_ANALYSIS = YES;
				CLANG_WARN_STRICT_PROTOTYPES = YES;
				CLANG_WARN_SUSPICIOUS_MOVE = YES;
				CLANG_WARN_UNGUARDED_AVAILABILITY = YES_AGGRESSIVE;
				CLANG_WARN_UNREACHABLE_CODE = YES;
				CLANG_WARN__DUPLICATE_METHOD_MATCH = YES;
				COPY_PHASE_STRIP = NO;
				DEBUG_INFORMATION_FORMAT = dwarf;
				ENABLE_STRICT_OBJC_MSGSEND = YES;
				ENABLE_TESTABILITY = YES;
				ENABLE_USER_SCRIPT_SANDBOXING = YES;
				GCC_C_LANGUAGE_STANDARD = gnu17;
				GCC_DYNAMIC_NO_PIC = NO;
				GCC_NO_COMMON_BLOCKS = YES;
				GCC_OPTIMIZATION_LEVEL = 0;
				GCC_PREPROCESSOR_DEFINITIONS = (
					"DEBUG=1",
					"$(inherited)",
				);
				GCC_WARN_64_TO_32_BIT_CONVERSION = YES;
				GCC_WARN_ABOUT_RETURN_TYPE = YES_ERROR;
				GCC_WARN_UNDECLARED_SELECTOR = YES;
				GCC_WARN_UNINITIALIZED_AUTOS = YES_AGGRESSIVE;
				GCC_WARN_UNUSED_FUNCTION = YES;
				GCC_WARN_UNUSED_VARIABLE = YES;
				LOCALIZATION_PREFERS_STRING_CATALOGS = YES;
				MTL_ENABLE_DEBUG_INFO = INCLUDE_SOURCE;
				MTL_FAST_MATH = YES;
				ONLY_ACTIVE_ARCH = YES;
				SDKROOT = xros;
				SWIFT_ACTIVE_COMPILATION_CONDITIONS = "DEBUG $(inherited)";
				SWIFT_OPTIMIZATION_LEVEL = "-Onone";
				XROS_DEPLOYMENT_TARGET = 2.2;
			};
			name = Debug;
		};
		84C906D42D8E57DE00AA5981 /* Release */ = {
			isa = XCBuildConfiguration;
			buildSettings = {
				ALWAYS_SEARCH_USER_PATHS = NO;
				ASSETCATALOG_COMPILER_GENERATE_SWIFT_ASSET_SYMBOL_EXTENSIONS = YES;
				CLANG_ANALYZER_NONNULL = YES;
				CLANG_ANALYZER_NUMBER_OBJECT_CONVERSION = YES_AGGRESSIVE;
				CLANG_CXX_LANGUAGE_STANDARD = "gnu++20";
				CLANG_ENABLE_MODULES = YES;
				CLANG_ENABLE_OBJC_ARC = YES;
				CLANG_ENABLE_OBJC_WEAK = YES;
				CLANG_WARN_BLOCK_CAPTURE_AUTORELEASING = YES;
				CLANG_WARN_BOOL_CONVERSION = YES;
				CLANG_WARN_COMMA = YES;
				CLANG_WARN_CONSTANT_CONVERSION = YES;
				CLANG_WARN_DEPRECATED_OBJC_IMPLEMENTATIONS = YES;
				CLANG_WARN_DIRECT_OBJC_ISA_USAGE = YES_ERROR;
				CLANG_WARN_DOCUMENTATION_COMMENTS = YES;
				CLANG_WARN_EMPTY_BODY = YES;
				CLANG_WARN_ENUM_CONVERSION = YES;
				CLANG_WARN_INFINITE_RECURSION = YES;
				CLANG_WARN_INT_CONVERSION = YES;
				CLANG_WARN_NON_LITERAL_NULL_CONVERSION = YES;
				CLANG_WARN_OBJC_IMPLICIT_RETAIN_SELF = YES;
				CLANG_WARN_OBJC_LITERAL_CONVERSION = YES;
				CLANG_WARN_OBJC_ROOT_CLASS = YES_ERROR;
				CLANG_WARN_QUOTED_INCLUDE_IN_FRAMEWORK_HEADER = YES;
				CLANG_WARN_RANGE_LOOP_ANALYSIS = YES;
				CLANG_WARN_STRICT_PROTOTYPES = YES;
				CLANG_WARN_SUSPICIOUS_MOVE = YES;
				CLANG_WARN_UNGUARDED_AVAILABILITY = YES_AGGRESSIVE;
				CLANG_WARN_UNREACHABLE_CODE = YES;
				CLANG_WARN__DUPLICATE_METHOD_MATCH = YES;
				COPY_PHASE_STRIP = NO;
				DEBUG_INFORMATION_FORMAT = "dwarf-with-dsym";
				ENABLE_NS_ASSERTIONS = NO;
				ENABLE_STRICT_OBJC_MSGSEND = YES;
				ENABLE_USER_SCRIPT_SANDBOXING = YES;
				GCC_C_LANGUAGE_STANDARD = gnu17;
				GCC_NO_COMMON_BLOCKS = YES;
				GCC_WARN_64_TO_32_BIT_CONVERSION = YES;
				GCC_WARN_ABOUT_RETURN_TYPE = YES_ERROR;
				GCC_WARN_UNDECLARED_SELECTOR = YES;
				GCC_WARN_UNINITIALIZED_AUTOS = YES_AGGRESSIVE;
				GCC_WARN_UNUSED_FUNCTION = YES;
				GCC_WARN_UNUSED_VARIABLE = YES;
				LOCALIZATION_PREFERS_STRING_CATALOGS = YES;
				MTL_ENABLE_DEBUG_INFO = NO;
				MTL_FAST_MATH = YES;
				SDKROOT = xros;
				SWIFT_COMPILATION_MODE = wholemodule;
				VALIDATE_PRODUCT = YES;
				XROS_DEPLOYMENT_TARGET = 2.2;
			};
			name = Release;
		};
		84C906D62D8E57DE00AA5981 /* Debug */ = {
			isa = XCBuildConfiguration;
			buildSettings = {
				BUNDLE_LOADER = "$(TEST_HOST)";
				CODE_SIGN_STYLE = Automatic;
				CURRENT_PROJECT_VERSION = 1;
				DEVELOPMENT_TEAM = MYUAB72A7J;
				GENERATE_INFOPLIST_FILE = YES;
				MARKETING_VERSION = 1.0;
				PRODUCT_BUNDLE_IDENTIFIER = com.akihirokokubo.ZeusMethodTests;
				PRODUCT_NAME = "$(TARGET_NAME)";
				SUPPORTED_PLATFORMS = "xros xrsimulator";
				SWIFT_EMIT_LOC_STRINGS = NO;
				SWIFT_VERSION = 5.0;
				TARGETED_DEVICE_FAMILY = 7;
				TEST_HOST = "$(BUILT_PRODUCTS_DIR)/ZeusMethod.app/$(BUNDLE_EXECUTABLE_FOLDER_PATH)/ZeusMethod";
				XROS_DEPLOYMENT_TARGET = 2.2;
			};
			name = Debug;
		};
		84C906D72D8E57DE00AA5981 /* Release */ = {
			isa = XCBuildConfiguration;
			buildSettings = {
				BUNDLE_LOADER = "$(TEST_HOST)";
				CODE_SIGN_STYLE = Automatic;
				CURRENT_PROJECT_VERSION = 1;
				DEVELOPMENT_TEAM = MYUAB72A7J;
				GENERATE_INFOPLIST_FILE = YES;
				MARKETING_VERSION = 1.0;
				PRODUCT_BUNDLE_IDENTIFIER = com.akihirokokubo.ZeusMethodTests;
				PRODUCT_NAME = "$(TARGET_NAME)";
				SUPPORTED_PLATFORMS = "xros xrsimulator";
				SWIFT_EMIT_LOC_STRINGS = NO;
				SWIFT_VERSION = 5.0;
				TARGETED_DEVICE_FAMILY = 7;
				TEST_HOST = "$(BUILT_PRODUCTS_DIR)/ZeusMethod.app/$(BUNDLE_EXECUTABLE_FOLDER_PATH)/ZeusMethod";
				XROS_DEPLOYMENT_TARGET = 2.2;
			};
			name = Release;
		};
/* End XCBuildConfiguration section */

/* Begin XCConfigurationList section */
		84C906A52D8E57DB00AA5981 /* Build configuration list for PBXProject "ZeusMethod" */ = {
			isa = XCConfigurationList;
			buildConfigurations = (
				84C906D32D8E57DE00AA5981 /* Debug */,
				84C906D42D8E57DE00AA5981 /* Release */,
			);
			defaultConfigurationIsVisible = 0;
			defaultConfigurationName = Release;
		};
		84C906D02D8E57DE00AA5981 /* Build configuration list for PBXNativeTarget "ZeusMethod" */ = {
			isa = XCConfigurationList;
			buildConfigurations = (
				84C906D12D8E57DE00AA5981 /* Debug */,
				84C906D22D8E57DE00AA5981 /* Release */,
			);
			defaultConfigurationIsVisible = 0;
			defaultConfigurationName = Release;
		};
		84C906D52D8E57DE00AA5981 /* Build configuration list for PBXNativeTarget "ZeusMethodTests" */ = {
			isa = XCConfigurationList;
			buildConfigurations = (
				84C906D62D8E57DE00AA5981 /* Debug */,
				84C906D72D8E57DE00AA5981 /* Release */,
			);
			defaultConfigurationIsVisible = 0;
			defaultConfigurationName = Release;
		};
/* End XCConfigurationList section */

/* Begin XCSwiftPackageProductDependency section */
		5124AAB72D8EF77B000D4DC9 /* RealityKitContent */ = {
			isa = XCSwiftPackageProductDependency;
			productName = RealityKitContent;
		};
/* End XCSwiftPackageProductDependency section */
	};
	rootObject = 84C906A22D8E57DB00AA5981 /* Project object */;
}
